
Microsoft Visual Studio Solution File, Format Version 12.00
# Visual Studio Version 17
VisualStudioVersion = 17.2.32616.157
MinimumVisualStudioVersion = 10.0.40219.1
Project("{FAE04EC0-301F-11D3-BF4B-00C04F79EFBC}") = "EventBusPractice.Users.API", "EventBusPractice.Users.API\EventBusPractice.Users.API.csproj", "{46241D4C-395E-4602-BE6A-DD47E9EAE059}"
EndProject
Project("{FAE04EC0-301F-11D3-BF4B-00C04F79EFBC}") = "EventBusPractice.Notifications.API", "EventBusPractice.Notifications.API\EventBusPractice.Notifications.API.csproj", "{9D93989B-F858-41EA-89AB-1447339F2524}"
EndProject
Global
	GlobalSection(SolutionConfigurationPlatforms) = preSolution
		Debug|Any CPU = Debug|Any CPU
		Release|Any CPU = Release|Any CPU
	EndGlobalSection
	GlobalSection(ProjectConfigurationPlatforms) = postSolution
		{46241D4C-395E-4602-BE6A-DD47E9EAE059}.Debug|Any CPU.ActiveCfg = Debug|Any CPU
		{46241D4C-395E-4602-BE6A-DD47E9EAE059}.Debug|Any CPU.Build.0 = Debug|Any CPU
		{46241D4C-395E-4602-BE6A-DD47E9EAE059}.Release|Any CPU.ActiveCfg = Release|Any CPU
		{46241D4C-395E-4602-BE6A-DD47E9EAE059}.Release|Any CPU.Build.0 = Release|Any CPU
		{9D93989B-F858-41EA-89AB-1447339F2524}.Debug|Any CPU.ActiveCfg = Debug|Any CPU
		{9D93989B-F858-41EA-89AB-1447339F2524}.Debug|Any CPU.Build.0 = Debug|Any CPU
		{9D93989B-F858-41EA-89AB-1447339F2524}.Release|Any CPU.ActiveCfg = Release|Any CPU
		{9D93989B-F858-41EA-89AB-1447339F2524}.Release|Any CPU.Build.0 = Release|Any CPU
	EndGlobalSection
	GlobalSection(SolutionProperties) = preSolution
		HideSolutionNode = FALSE
	EndGlobalSection
	GlobalSection(ExtensibilityGlobals) = postSolution
		SolutionGuid = {637014DD-4BC7-453B-9D21-11EA4C1CC562}
	EndGlobalSection
EndGlobal
